<?xml version="1.0" encoding="utf-8"?>
<Project ToolsVersion="4.0" xmlns="http://schemas.microsoft.com/developer/msbuild/2003">
  <ItemGroup>
    <Filter Include="原始程式檔">
      <UniqueIdentifier>{4FC737F1-C7A5-4376-A066-2A32D752A2FF}</UniqueIdentifier>
      <Extensions>cpp;c;cc;cxx;def;odl;idl;hpj;bat;asm;asmx</Extensions>
    </Filter>
    <Filter Include="標頭檔">
      <UniqueIdentifier>{93995380-89BD-4b04-88EB-625FBE52EBFB}</UniqueIdentifier>
      <Extensions>h;hpp;hxx;hm;inl;inc;xsd</Extensions>
    </Filter>
    <Filter Include="資源檔">
      <UniqueIdentifier>{67DA6AB6-F800-4c08-8B7A-83BB121AAD01}</UniqueIdentifier>
      <Extensions>rc;ico;cur;bmp;dlg;rc2;rct;bin;rgs;gif;jpg;jpeg;jpe;resx;tiff;tif;png;wav;mfcribbon-ms</Extensions>
    </Filter>
    <Filter Include="原始程式檔\tools">
      <UniqueIdentifier>{45532510-3149-4ce2-9550-68808bcb9dc7}</UniqueIdentifier>
    </Filter>
    <Filter Include="標頭檔\tools">
      <UniqueIdentifier>{d2a32643-13a5-484d-8ae3-1f73ebb56571}</UniqueIdentifier>
    </Filter>
  </ItemGroup>
  <ItemGroup>
    <None Include="ReadMe.txt" />
    <None Include="res\LogClient.rc2">
      <Filter>資源檔</Filter>
    </None>
    <None Include="res\LogClient.ico">
      <Filter>資源檔</Filter>
    </None>
    <None Include="res\paneicons.bmp">
      <Filter>資源檔</Filter>
    </None>
    <None Include="res\action_check.bmp">
      <Filter>資源檔</Filter>
    </None>
    <None Include="res\action_delete.bmp">
      <Filter>資源檔</Filter>
    </None>
    <None Include="res\play.bmp">
      <Filter>資源檔</Filter>
    </None>
    <None Include="res\stop.bmp">
      <Filter>資源檔</Filter>
    </None>
    <None Include="res\tab3.bmp">
      <Filter>資源檔</Filter>
    </None>
    <None Include="res\icon1.ico">
      <Filter>資源檔</Filter>
    </None>
    <None Include="res\slim.ico">
      <Filter>資源檔</Filter>
    </None>
  </ItemGroup>
  <ItemGroup>
    <ClInclude Include="LogClient.h">
      <Filter>標頭檔</Filter>
    </ClInclude>
    <ClInclude Include="LogClientDlg.h">
      <Filter>標頭檔</Filter>
    </ClInclude>
    <ClInclude Include="stdafx.h">
      <Filter>標頭檔</Filter>
    </ClInclude>
    <ClInclude Include="Resource.h">
      <Filter>標頭檔</Filter>
    </ClInclude>
    <ClInclude Include="LogSend.h">
      <Filter>標頭檔</Filter>
    </ClInclude>
    <ClInclude Include="LogFile.h">
      <Filter>標頭檔</Filter>
    </ClInclude>
    <ClInclude Include="..\include_src\syslog\SysLogClient.h">
      <Filter>標頭檔\tools</Filter>
    </ClInclude>
    <ClInclude Include="zstd.h">
      <Filter>標頭檔\tools</Filter>
    </ClInclude>
    <ClInclude Include="..\include_src\tools\MyThread.h">
      <Filter>標頭檔\tools</Filter>
    </ClInclude>
  </ItemGroup>
  <ItemGroup>
    <ClCompile Include="LogClient.cpp">
      <Filter>原始程式檔</Filter>
    </ClCompile>
    <ClCompile Include="LogClientDlg.cpp">
      <Filter>原始程式檔</Filter>
    </ClCompile>
    <ClCompile Include="stdafx.cpp">
      <Filter>原始程式檔</Filter>
    </ClCompile>
    <ClCompile Include="LogSend.cpp">
      <Filter>原始程式檔</Filter>
    </ClCompile>
    <ClCompile Include="LogFile.cpp">
      <Filter>原始程式檔</Filter>
    </ClCompile>
    <ClCompile Include="..\include_src\tools\MyThread.cpp">
      <Filter>原始程式檔\tools</Filter>
    </ClCompile>
    <ClCompile Include="..\include_src\syslog\SysLogClient.cpp">
      <Filter>原始程式檔\tools</Filter>
    </ClCompile>
  </ItemGroup>
  <ItemGroup>
    <ResourceCompile Include="LogClient.rc">
      <Filter>資源檔</Filter>
    </ResourceCompile>
  </ItemGroup>
</Project>